// !$*UTF8*$!
{
	archiveVersion = 1;
	classes = {
	};
	objectVersion = 55;
	objects = {

/* Begin PBXBuildFile section */
		B407602A28D60FF3004ABCCD /* ClubsView.swift in Sources */ = {isa = PBXBuildFile; fileRef = B407602928D60FF3004ABCCD /* ClubsView.swift */; };
		B42B810F28E4B9E1009EE2E0 /* OnBoardingView.swift in Sources */ = {isa = PBXBuildFile; fileRef = B42B810E28E4B9E1009EE2E0 /* OnBoardingView.swift */; };
		B442139E28BD7106004D3253 /* Food.swift in Sources */ = {isa = PBXBuildFile; fileRef = B442139D28BD7105004D3253 /* Food.swift */; };
		B44213A028BE690A004D3253 /* Menu.swift in Sources */ = {isa = PBXBuildFile; fileRef = B442139F28BE690A004D3253 /* Menu.swift */; };
		B44213A228BE6D9B004D3253 /* MenuRepository.swift in Sources */ = {isa = PBXBuildFile; fileRef = B44213A128BE6D9B004D3253 /* MenuRepository.swift */; };
		B44213A428BFDA03004D3253 /* BreakfastData.swift in Sources */ = {isa = PBXBuildFile; fileRef = B44213A328BFDA02004D3253 /* BreakfastData.swift */; };
		B44213A628BFDA66004D3253 /* LunchData.swift in Sources */ = {isa = PBXBuildFile; fileRef = B44213A528BFDA66004D3253 /* LunchData.swift */; };
		B44213A828BFDA81004D3253 /* DinnerData.swift in Sources */ = {isa = PBXBuildFile; fileRef = B44213A728BFDA81004D3253 /* DinnerData.swift */; };
		B48EA6F828B7C8E200102E3B /* SchoolVerseRedesignTestingApp.swift in Sources */ = {isa = PBXBuildFile; fileRef = B48EA6F728B7C8E100102E3B /* SchoolVerseRedesignTestingApp.swift */; };
		B48EA6FC28B7C8E700102E3B /* Assets.xcassets in Resources */ = {isa = PBXBuildFile; fileRef = B48EA6FB28B7C8E700102E3B /* Assets.xcassets */; };
		B48EA6FF28B7C8E700102E3B /* Preview Assets.xcassets in Resources */ = {isa = PBXBuildFile; fileRef = B48EA6FE28B7C8E700102E3B /* Preview Assets.xcassets */; };
		B48EA70B28B7CA0E00102E3B /* AppView.swift in Sources */ = {isa = PBXBuildFile; fileRef = B48EA70A28B7CA0E00102E3B /* AppView.swift */; };
		B48EA71728B7CB1000102E3B /* RouterView.swift in Sources */ = {isa = PBXBuildFile; fileRef = B48EA71628B7CB1000102E3B /* RouterView.swift */; };
		B48EA71928B7DFC000102E3B /* TabBarItem.swift in Sources */ = {isa = PBXBuildFile; fileRef = B48EA71828B7DFC000102E3B /* TabBarItem.swift */; };
		B4A45CD428B7E17400074739 /* TabBarItemViewModifier.swift in Sources */ = {isa = PBXBuildFile; fileRef = B4A45CD328B7E17400074739 /* TabBarItemViewModifier.swift */; };
		B4A45CD628B7E23300074739 /* TabBarViewBuilder.swift in Sources */ = {isa = PBXBuildFile; fileRef = B4A45CD528B7E23300074739 /* TabBarViewBuilder.swift */; };
		B4A45CD828B7E27E00074739 /* TabBarView.swift in Sources */ = {isa = PBXBuildFile; fileRef = B4A45CD728B7E27E00074739 /* TabBarView.swift */; };
		B4A45CE228B7E3D200074739 /* HomeView.swift in Sources */ = {isa = PBXBuildFile; fileRef = B4A45CE128B7E3D200074739 /* HomeView.swift */; };
		B4A45CE428B7E3EA00074739 /* TasksView.swift in Sources */ = {isa = PBXBuildFile; fileRef = B4A45CE328B7E3EA00074739 /* TasksView.swift */; };
		B4A45CE628B7E40500074739 /* ScheduleView.swift in Sources */ = {isa = PBXBuildFile; fileRef = B4A45CE528B7E40500074739 /* ScheduleView.swift */; };
		B4A45CE828B7E41100074739 /* MoreView.swift in Sources */ = {isa = PBXBuildFile; fileRef = B4A45CE728B7E41100074739 /* MoreView.swift */; };
		B4A45CEA28B7FA2800074739 /* Color.swift in Sources */ = {isa = PBXBuildFile; fileRef = B4A45CE928B7FA2800074739 /* Color.swift */; };
		B4A45CEE28B83C3E00074739 /* MoreInfoCardView.swift in Sources */ = {isa = PBXBuildFile; fileRef = B4A45CED28B83C3D00074739 /* MoreInfoCardView.swift */; };
		B4A45D0128B844F000074739 /* AccountView.swift in Sources */ = {isa = PBXBuildFile; fileRef = B4A45D0028B844F000074739 /* AccountView.swift */; };
		B4A45D0328B8450200074739 /* MenuView.swift in Sources */ = {isa = PBXBuildFile; fileRef = B4A45D0228B8450200074739 /* MenuView.swift */; };
		B4A45D0528B8450D00074739 /* SportsView.swift in Sources */ = {isa = PBXBuildFile; fileRef = B4A45D0428B8450D00074739 /* SportsView.swift */; };
		B4A45D0728B8452000074739 /* EventsView.swift in Sources */ = {isa = PBXBuildFile; fileRef = B4A45D0628B8452000074739 /* EventsView.swift */; };
		B4A45D0B28B8454100074739 /* AboutView.swift in Sources */ = {isa = PBXBuildFile; fileRef = B4A45D0A28B8454100074739 /* AboutView.swift */; };
		B4A45D0F28B8742D00074739 /* TitleLabel.swift in Sources */ = {isa = PBXBuildFile; fileRef = B4A45D0E28B8742C00074739 /* TitleLabel.swift */; };
		B4A45D1128B8816800074739 /* HeaderLabel.swift in Sources */ = {isa = PBXBuildFile; fileRef = B4A45D1028B8816700074739 /* HeaderLabel.swift */; };
		B4A45D1328B8820E00074739 /* SubtitleLabel.swift in Sources */ = {isa = PBXBuildFile; fileRef = B4A45D1228B8820E00074739 /* SubtitleLabel.swift */; };
		B4A45D1528B8838000074739 /* LinkLabel.swift in Sources */ = {isa = PBXBuildFile; fileRef = B4A45D1428B8838000074739 /* LinkLabel.swift */; };
		B4A45D1728B887D100074739 /* ParagraphLabel.swift in Sources */ = {isa = PBXBuildFile; fileRef = B4A45D1628B887D100074739 /* ParagraphLabel.swift */; };
		B4A45D1A28B88FB300074739 /* TextFieldWithTitle.swift in Sources */ = {isa = PBXBuildFile; fileRef = B4A45D1928B88FB300074739 /* TextFieldWithTitle.swift */; };
		B4A45D1C28B893CD00074739 /* DestructiveButtonLabel.swift in Sources */ = {isa = PBXBuildFile; fileRef = B4A45D1B28B893CD00074739 /* DestructiveButtonLabel.swift */; };
		B4A45D1E28B8955100074739 /* LinkedAccountsView.swift in Sources */ = {isa = PBXBuildFile; fileRef = B4A45D1D28B8955100074739 /* LinkedAccountsView.swift */; };
		B4A45D2028B8964900074739 /* NavigationLinkLabel.swift in Sources */ = {isa = PBXBuildFile; fileRef = B4A45D1F28B8964900074739 /* NavigationLinkLabel.swift */; };
		B4A45D2228B936FB00074739 /* AccountsViewModel.swift in Sources */ = {isa = PBXBuildFile; fileRef = B4A45D2128B936FB00074739 /* AccountsViewModel.swift */; };
		B4A45D2428B93DBB00074739 /* UserColor.swift in Sources */ = {isa = PBXBuildFile; fileRef = B4A45D2328B93DBB00074739 /* UserColor.swift */; };
		B4A45D2628B9B89B00074739 /* Schedule.swift in Sources */ = {isa = PBXBuildFile; fileRef = B4A45D2528B9B89A00074739 /* Schedule.swift */; };
		B4A45D2828B9BEF800074739 /* DaySchedule.swift in Sources */ = {isa = PBXBuildFile; fileRef = B4A45D2728B9BEF800074739 /* DaySchedule.swift */; };
		B4A45D2A28B9BF1600074739 /* Period.swift in Sources */ = {isa = PBXBuildFile; fileRef = B4A45D2928B9BF1600074739 /* Period.swift */; };
		B4A45D2C28B9BF5C00074739 /* Class.swift in Sources */ = {isa = PBXBuildFile; fileRef = B4A45D2B28B9BF5C00074739 /* Class.swift */; };
		B4A45D2E28B9E7E100074739 /* SVUser.swift in Sources */ = {isa = PBXBuildFile; fileRef = B4A45D2D28B9E7E100074739 /* SVUser.swift */; };
		B4A45D3028BA525100074739 /* Event.swift in Sources */ = {isa = PBXBuildFile; fileRef = B4A45D2F28BA525100074739 /* Event.swift */; };
		B4A45D3228BA55CB00074739 /* UserRepository.swift in Sources */ = {isa = PBXBuildFile; fileRef = B4A45D3128BA55CB00074739 /* UserRepository.swift */; };
		B4A45D3428BA761100074739 /* DayScheduleTile.swift in Sources */ = {isa = PBXBuildFile; fileRef = B4A45D3328BA761000074739 /* DayScheduleTile.swift */; };
		B4A45D3628BABA7500074739 /* PeriodTileAndHeader.swift in Sources */ = {isa = PBXBuildFile; fileRef = B4A45D3528BABA7400074739 /* PeriodTileAndHeader.swift */; };
		B4BBDD0028E71856001B0282 /* Glass.swift in Sources */ = {isa = PBXBuildFile; fileRef = B4BBDCFF28E71855001B0282 /* Glass.swift */; };
		B4C1810428E66C70007FB059 /* ColorfulBackgroundView.swift in Sources */ = {isa = PBXBuildFile; fileRef = B4C1810328E66C70007FB059 /* ColorfulBackgroundView.swift */; };
		B4C1810628E698D4007FB059 /* GlassCard.swift in Sources */ = {isa = PBXBuildFile; fileRef = B4C1810528E698D4007FB059 /* GlassCard.swift */; };
		B4E386A728DCD2D700E1E4A5 /* TasksTile.swift in Sources */ = {isa = PBXBuildFile; fileRef = B4E386A628DCD2D700E1E4A5 /* TasksTile.swift */; };
		B4E386A928DCE0B600E1E4A5 /* CheckBoxView.swift in Sources */ = {isa = PBXBuildFile; fileRef = B4E386A828DCE0B600E1E4A5 /* CheckBoxView.swift */; };
		B4E386AB28DFAA6A00E1E4A5 /* MySportsView.swift in Sources */ = {isa = PBXBuildFile; fileRef = B4E386AA28DFAA6A00E1E4A5 /* MySportsView.swift */; };
		B4E386AD28DFAA9000E1E4A5 /* AllSportsView.swift in Sources */ = {isa = PBXBuildFile; fileRef = B4E386AC28DFAA9000E1E4A5 /* AllSportsView.swift */; };
		B4E386AF28DFB41700E1E4A5 /* BreakfastView.swift in Sources */ = {isa = PBXBuildFile; fileRef = B4E386AE28DFB41700E1E4A5 /* BreakfastView.swift */; };
		B4E386B128DFB42C00E1E4A5 /* LunchView.swift in Sources */ = {isa = PBXBuildFile; fileRef = B4E386B028DFB42C00E1E4A5 /* LunchView.swift */; };
		B4E386B328DFB44100E1E4A5 /* DinnerView.swift in Sources */ = {isa = PBXBuildFile; fileRef = B4E386B228DFB44100E1E4A5 /* DinnerView.swift */; };
		B4E386B728E0C1D600E1E4A5 /* ColorThemePicker.swift in Sources */ = {isa = PBXBuildFile; fileRef = B4E386B628E0C1D600E1E4A5 /* ColorThemePicker.swift */; };
		B4EC6D8928D6AB6600DF4A0D /* Task.swift in Sources */ = {isa = PBXBuildFile; fileRef = B4EC6D8828D6AB6600DF4A0D /* Task.swift */; };
		B4EC6D8B28D6B56900DF4A0D /* NavMenuButtonView.swift in Sources */ = {isa = PBXBuildFile; fileRef = B4EC6D8A28D6B56900DF4A0D /* NavMenuButtonView.swift */; };
		B4EC6D8D28D6D13500DF4A0D /* TasksByClassView.swift in Sources */ = {isa = PBXBuildFile; fileRef = B4EC6D8C28D6D13500DF4A0D /* TasksByClassView.swift */; };
		B4EC6D8F28D6D14B00DF4A0D /* TasksByDateView.swift in Sources */ = {isa = PBXBuildFile; fileRef = B4EC6D8E28D6D14B00DF4A0D /* TasksByDateView.swift */; };
		B4EC6D9128D7866200DF4A0D /* TasksViewModel.swift in Sources */ = {isa = PBXBuildFile; fileRef = B4EC6D9028D7866200DF4A0D /* TasksViewModel.swift */; };
/* End PBXBuildFile section */

/* Begin PBXFileReference section */
		B407602928D60FF3004ABCCD /* ClubsView.swift */ = {isa = PBXFileReference; lastKnownFileType = sourcecode.swift; path = ClubsView.swift; sourceTree = "<group>"; };
		B42B810E28E4B9E1009EE2E0 /* OnBoardingView.swift */ = {isa = PBXFileReference; lastKnownFileType = sourcecode.swift; path = OnBoardingView.swift; sourceTree = "<group>"; };
		B442139D28BD7105004D3253 /* Food.swift */ = {isa = PBXFileReference; lastKnownFileType = sourcecode.swift; path = Food.swift; sourceTree = "<group>"; };
		B442139F28BE690A004D3253 /* Menu.swift */ = {isa = PBXFileReference; lastKnownFileType = sourcecode.swift; path = Menu.swift; sourceTree = "<group>"; };
		B44213A128BE6D9B004D3253 /* MenuRepository.swift */ = {isa = PBXFileReference; lastKnownFileType = sourcecode.swift; path = MenuRepository.swift; sourceTree = "<group>"; };
		B44213A328BFDA02004D3253 /* BreakfastData.swift */ = {isa = PBXFileReference; lastKnownFileType = sourcecode.swift; path = BreakfastData.swift; sourceTree = "<group>"; };
		B44213A528BFDA66004D3253 /* LunchData.swift */ = {isa = PBXFileReference; lastKnownFileType = sourcecode.swift; path = LunchData.swift; sourceTree = "<group>"; };
		B44213A728BFDA81004D3253 /* DinnerData.swift */ = {isa = PBXFileReference; lastKnownFileType = sourcecode.swift; path = DinnerData.swift; sourceTree = "<group>"; };
		B48EA6F428B7C8E100102E3B /* SchoolVerseRedesignTesting.app */ = {isa = PBXFileReference; explicitFileType = wrapper.application; includeInIndex = 0; path = SchoolVerseRedesignTesting.app; sourceTree = BUILT_PRODUCTS_DIR; };
		B48EA6F728B7C8E100102E3B /* SchoolVerseRedesignTestingApp.swift */ = {isa = PBXFileReference; lastKnownFileType = sourcecode.swift; path = SchoolVerseRedesignTestingApp.swift; sourceTree = "<group>"; };
		B48EA6FB28B7C8E700102E3B /* Assets.xcassets */ = {isa = PBXFileReference; lastKnownFileType = folder.assetcatalog; path = Assets.xcassets; sourceTree = "<group>"; };
		B48EA6FE28B7C8E700102E3B /* Preview Assets.xcassets */ = {isa = PBXFileReference; lastKnownFileType = folder.assetcatalog; path = "Preview Assets.xcassets"; sourceTree = "<group>"; };
		B48EA70A28B7CA0E00102E3B /* AppView.swift */ = {isa = PBXFileReference; lastKnownFileType = sourcecode.swift; path = AppView.swift; sourceTree = "<group>"; };
		B48EA71628B7CB1000102E3B /* RouterView.swift */ = {isa = PBXFileReference; lastKnownFileType = sourcecode.swift; path = RouterView.swift; sourceTree = "<group>"; };
		B48EA71828B7DFC000102E3B /* TabBarItem.swift */ = {isa = PBXFileReference; lastKnownFileType = sourcecode.swift; path = TabBarItem.swift; sourceTree = "<group>"; };
		B4A45CD328B7E17400074739 /* TabBarItemViewModifier.swift */ = {isa = PBXFileReference; lastKnownFileType = sourcecode.swift; path = TabBarItemViewModifier.swift; sourceTree = "<group>"; };
		B4A45CD528B7E23300074739 /* TabBarViewBuilder.swift */ = {isa = PBXFileReference; lastKnownFileType = sourcecode.swift; path = TabBarViewBuilder.swift; sourceTree = "<group>"; };
		B4A45CD728B7E27E00074739 /* TabBarView.swift */ = {isa = PBXFileReference; lastKnownFileType = sourcecode.swift; path = TabBarView.swift; sourceTree = "<group>"; };
		B4A45CE128B7E3D200074739 /* HomeView.swift */ = {isa = PBXFileReference; lastKnownFileType = sourcecode.swift; path = HomeView.swift; sourceTree = "<group>"; };
		B4A45CE328B7E3EA00074739 /* TasksView.swift */ = {isa = PBXFileReference; lastKnownFileType = sourcecode.swift; path = TasksView.swift; sourceTree = "<group>"; };
		B4A45CE528B7E40500074739 /* ScheduleView.swift */ = {isa = PBXFileReference; lastKnownFileType = sourcecode.swift; path = ScheduleView.swift; sourceTree = "<group>"; };
		B4A45CE728B7E41100074739 /* MoreView.swift */ = {isa = PBXFileReference; lastKnownFileType = sourcecode.swift; path = MoreView.swift; sourceTree = "<group>"; };
		B4A45CE928B7FA2800074739 /* Color.swift */ = {isa = PBXFileReference; lastKnownFileType = sourcecode.swift; path = Color.swift; sourceTree = "<group>"; };
		B4A45CED28B83C3D00074739 /* MoreInfoCardView.swift */ = {isa = PBXFileReference; lastKnownFileType = sourcecode.swift; path = MoreInfoCardView.swift; sourceTree = "<group>"; };
		B4A45D0028B844F000074739 /* AccountView.swift */ = {isa = PBXFileReference; lastKnownFileType = sourcecode.swift; path = AccountView.swift; sourceTree = "<group>"; };
		B4A45D0228B8450200074739 /* MenuView.swift */ = {isa = PBXFileReference; lastKnownFileType = sourcecode.swift; path = MenuView.swift; sourceTree = "<group>"; };
		B4A45D0428B8450D00074739 /* SportsView.swift */ = {isa = PBXFileReference; lastKnownFileType = sourcecode.swift; path = SportsView.swift; sourceTree = "<group>"; };
		B4A45D0628B8452000074739 /* EventsView.swift */ = {isa = PBXFileReference; lastKnownFileType = sourcecode.swift; path = EventsView.swift; sourceTree = "<group>"; };
		B4A45D0A28B8454100074739 /* AboutView.swift */ = {isa = PBXFileReference; lastKnownFileType = sourcecode.swift; path = AboutView.swift; sourceTree = "<group>"; };
		B4A45D0E28B8742C00074739 /* TitleLabel.swift */ = {isa = PBXFileReference; lastKnownFileType = sourcecode.swift; path = TitleLabel.swift; sourceTree = "<group>"; };
		B4A45D1028B8816700074739 /* HeaderLabel.swift */ = {isa = PBXFileReference; lastKnownFileType = sourcecode.swift; path = HeaderLabel.swift; sourceTree = "<group>"; };
		B4A45D1228B8820E00074739 /* SubtitleLabel.swift */ = {isa = PBXFileReference; lastKnownFileType = sourcecode.swift; path = SubtitleLabel.swift; sourceTree = "<group>"; };
		B4A45D1428B8838000074739 /* LinkLabel.swift */ = {isa = PBXFileReference; lastKnownFileType = sourcecode.swift; path = LinkLabel.swift; sourceTree = "<group>"; };
		B4A45D1628B887D100074739 /* ParagraphLabel.swift */ = {isa = PBXFileReference; lastKnownFileType = sourcecode.swift; path = ParagraphLabel.swift; sourceTree = "<group>"; };
		B4A45D1928B88FB300074739 /* TextFieldWithTitle.swift */ = {isa = PBXFileReference; lastKnownFileType = sourcecode.swift; path = TextFieldWithTitle.swift; sourceTree = "<group>"; };
		B4A45D1B28B893CD00074739 /* DestructiveButtonLabel.swift */ = {isa = PBXFileReference; lastKnownFileType = sourcecode.swift; path = DestructiveButtonLabel.swift; sourceTree = "<group>"; };
		B4A45D1D28B8955100074739 /* LinkedAccountsView.swift */ = {isa = PBXFileReference; lastKnownFileType = sourcecode.swift; path = LinkedAccountsView.swift; sourceTree = "<group>"; };
		B4A45D1F28B8964900074739 /* NavigationLinkLabel.swift */ = {isa = PBXFileReference; lastKnownFileType = sourcecode.swift; path = NavigationLinkLabel.swift; sourceTree = "<group>"; };
		B4A45D2128B936FB00074739 /* AccountsViewModel.swift */ = {isa = PBXFileReference; lastKnownFileType = sourcecode.swift; path = AccountsViewModel.swift; sourceTree = "<group>"; };
		B4A45D2328B93DBB00074739 /* UserColor.swift */ = {isa = PBXFileReference; lastKnownFileType = sourcecode.swift; path = UserColor.swift; sourceTree = "<group>"; };
		B4A45D2528B9B89A00074739 /* Schedule.swift */ = {isa = PBXFileReference; lastKnownFileType = sourcecode.swift; path = Schedule.swift; sourceTree = "<group>"; };
		B4A45D2728B9BEF800074739 /* DaySchedule.swift */ = {isa = PBXFileReference; lastKnownFileType = sourcecode.swift; path = DaySchedule.swift; sourceTree = "<group>"; };
		B4A45D2928B9BF1600074739 /* Period.swift */ = {isa = PBXFileReference; lastKnownFileType = sourcecode.swift; path = Period.swift; sourceTree = "<group>"; };
		B4A45D2B28B9BF5C00074739 /* Class.swift */ = {isa = PBXFileReference; lastKnownFileType = sourcecode.swift; path = Class.swift; sourceTree = "<group>"; };
		B4A45D2D28B9E7E100074739 /* SVUser.swift */ = {isa = PBXFileReference; lastKnownFileType = sourcecode.swift; path = SVUser.swift; sourceTree = "<group>"; };
		B4A45D2F28BA525100074739 /* Event.swift */ = {isa = PBXFileReference; lastKnownFileType = sourcecode.swift; path = Event.swift; sourceTree = "<group>"; };
		B4A45D3128BA55CB00074739 /* UserRepository.swift */ = {isa = PBXFileReference; lastKnownFileType = sourcecode.swift; path = UserRepository.swift; sourceTree = "<group>"; };
		B4A45D3328BA761000074739 /* DayScheduleTile.swift */ = {isa = PBXFileReference; lastKnownFileType = sourcecode.swift; path = DayScheduleTile.swift; sourceTree = "<group>"; };
		B4A45D3528BABA7400074739 /* PeriodTileAndHeader.swift */ = {isa = PBXFileReference; lastKnownFileType = sourcecode.swift; path = PeriodTileAndHeader.swift; sourceTree = "<group>"; };
		B4BBDCFF28E71855001B0282 /* Glass.swift */ = {isa = PBXFileReference; lastKnownFileType = sourcecode.swift; path = Glass.swift; sourceTree = "<group>"; };
		B4C1810328E66C70007FB059 /* ColorfulBackgroundView.swift */ = {isa = PBXFileReference; lastKnownFileType = sourcecode.swift; path = ColorfulBackgroundView.swift; sourceTree = "<group>"; };
		B4C1810528E698D4007FB059 /* GlassCard.swift */ = {isa = PBXFileReference; lastKnownFileType = sourcecode.swift; path = GlassCard.swift; sourceTree = "<group>"; };
		B4E386A628DCD2D700E1E4A5 /* TasksTile.swift */ = {isa = PBXFileReference; lastKnownFileType = sourcecode.swift; path = TasksTile.swift; sourceTree = "<group>"; };
		B4E386A828DCE0B600E1E4A5 /* CheckBoxView.swift */ = {isa = PBXFileReference; lastKnownFileType = sourcecode.swift; path = CheckBoxView.swift; sourceTree = "<group>"; };
		B4E386AA28DFAA6A00E1E4A5 /* MySportsView.swift */ = {isa = PBXFileReference; lastKnownFileType = sourcecode.swift; path = MySportsView.swift; sourceTree = "<group>"; };
		B4E386AC28DFAA9000E1E4A5 /* AllSportsView.swift */ = {isa = PBXFileReference; lastKnownFileType = sourcecode.swift; path = AllSportsView.swift; sourceTree = "<group>"; };
		B4E386AE28DFB41700E1E4A5 /* BreakfastView.swift */ = {isa = PBXFileReference; lastKnownFileType = sourcecode.swift; path = BreakfastView.swift; sourceTree = "<group>"; };
		B4E386B028DFB42C00E1E4A5 /* LunchView.swift */ = {isa = PBXFileReference; lastKnownFileType = sourcecode.swift; path = LunchView.swift; sourceTree = "<group>"; };
		B4E386B228DFB44100E1E4A5 /* DinnerView.swift */ = {isa = PBXFileReference; lastKnownFileType = sourcecode.swift; path = DinnerView.swift; sourceTree = "<group>"; };
		B4E386B628E0C1D600E1E4A5 /* ColorThemePicker.swift */ = {isa = PBXFileReference; lastKnownFileType = sourcecode.swift; path = ColorThemePicker.swift; sourceTree = "<group>"; };
		B4EC6D8828D6AB6600DF4A0D /* Task.swift */ = {isa = PBXFileReference; lastKnownFileType = sourcecode.swift; path = Task.swift; sourceTree = "<group>"; };
		B4EC6D8A28D6B56900DF4A0D /* NavMenuButtonView.swift */ = {isa = PBXFileReference; lastKnownFileType = sourcecode.swift; path = NavMenuButtonView.swift; sourceTree = "<group>"; };
		B4EC6D8C28D6D13500DF4A0D /* TasksByClassView.swift */ = {isa = PBXFileReference; lastKnownFileType = sourcecode.swift; path = TasksByClassView.swift; sourceTree = "<group>"; };
		B4EC6D8E28D6D14B00DF4A0D /* TasksByDateView.swift */ = {isa = PBXFileReference; lastKnownFileType = sourcecode.swift; path = TasksByDateView.swift; sourceTree = "<group>"; };
		B4EC6D9028D7866200DF4A0D /* TasksViewModel.swift */ = {isa = PBXFileReference; lastKnownFileType = sourcecode.swift; path = TasksViewModel.swift; sourceTree = "<group>"; };
/* End PBXFileReference section */

/* Begin PBXFrameworksBuildPhase section */
		B48EA6F128B7C8E100102E3B /* Frameworks */ = {
			isa = PBXFrameworksBuildPhase;
			buildActionMask = 2147483647;
			files = (
			);
			runOnlyForDeploymentPostprocessing = 0;
		};
/* End PBXFrameworksBuildPhase section */

/* Begin PBXGroup section */
		B407602628D60FB9004ABCCD /* Clubs */ = {
			isa = PBXGroup;
			children = (
				B407602828D60FC7004ABCCD /* Views */,
				B407602728D60FC0004ABCCD /* ViewModels */,
			);
			path = Clubs;
			sourceTree = "<group>";
		};
		B407602728D60FC0004ABCCD /* ViewModels */ = {
			isa = PBXGroup;
			children = (
			);
			path = ViewModels;
			sourceTree = "<group>";
		};
		B407602828D60FC7004ABCCD /* Views */ = {
			isa = PBXGroup;
			children = (
				B407602928D60FF3004ABCCD /* ClubsView.swift */,
			);
			path = Views;
			sourceTree = "<group>";
		};
		B42B810B28E4B965009EE2E0 /* Onboarding */ = {
			isa = PBXGroup;
			children = (
				B42B810C28E4B976009EE2E0 /* Views */,
				B42B810D28E4B97B009EE2E0 /* ViewModels */,
			);
			path = Onboarding;
			sourceTree = "<group>";
		};
		B42B810C28E4B976009EE2E0 /* Views */ = {
			isa = PBXGroup;
			children = (
				B42B810E28E4B9E1009EE2E0 /* OnBoardingView.swift */,
			);
			path = Views;
			sourceTree = "<group>";
		};
		B42B810D28E4B97B009EE2E0 /* ViewModels */ = {
			isa = PBXGroup;
			children = (
			);
			path = ViewModels;
			sourceTree = "<group>";
		};
		B48EA6EB28B7C8E100102E3B = {
			isa = PBXGroup;
			children = (
				B48EA6F628B7C8E100102E3B /* SchoolVerseRedesignTesting */,
				B48EA6F528B7C8E100102E3B /* Products */,
			);
			sourceTree = "<group>";
		};
		B48EA6F528B7C8E100102E3B /* Products */ = {
			isa = PBXGroup;
			children = (
				B48EA6F428B7C8E100102E3B /* SchoolVerseRedesignTesting.app */,
			);
			name = Products;
			sourceTree = "<group>";
		};
		B48EA6F628B7C8E100102E3B /* SchoolVerseRedesignTesting */ = {
			isa = PBXGroup;
			children = (
				B48EA6F728B7C8E100102E3B /* SchoolVerseRedesignTestingApp.swift */,
				B48EA70A28B7CA0E00102E3B /* AppView.swift */,
				B48EA71628B7CB1000102E3B /* RouterView.swift */,
				B48EA70528B7C95600102E3B /* Extensions */,
				B48EA70628B7C96200102E3B /* DummyServices */,
				B48EA70728B7C97400102E3B /* Models */,
				B48EA70928B7C9B500102E3B /* Pages */,
				B48EA70828B7C9A300102E3B /* Components */,
				B48EA6FB28B7C8E700102E3B /* Assets.xcassets */,
				B48EA6FD28B7C8E700102E3B /* Preview Content */,
			);
			path = SchoolVerseRedesignTesting;
			sourceTree = "<group>";
		};
		B48EA6FD28B7C8E700102E3B /* Preview Content */ = {
			isa = PBXGroup;
			children = (
				B48EA6FE28B7C8E700102E3B /* Preview Assets.xcassets */,
			);
			path = "Preview Content";
			sourceTree = "<group>";
		};
		B48EA70528B7C95600102E3B /* Extensions */ = {
			isa = PBXGroup;
			children = (
				B4A45CE928B7FA2800074739 /* Color.swift */,
			);
			path = Extensions;
			sourceTree = "<group>";
		};
		B48EA70628B7C96200102E3B /* DummyServices */ = {
			isa = PBXGroup;
			children = (
				B4A45D3128BA55CB00074739 /* UserRepository.swift */,
				B44213A128BE6D9B004D3253 /* MenuRepository.swift */,
				B44213A328BFDA02004D3253 /* BreakfastData.swift */,
				B44213A528BFDA66004D3253 /* LunchData.swift */,
				B44213A728BFDA81004D3253 /* DinnerData.swift */,
			);
			path = DummyServices;
			sourceTree = "<group>";
		};
		B48EA70728B7C97400102E3B /* Models */ = {
			isa = PBXGroup;
			children = (
				B4A45D2328B93DBB00074739 /* UserColor.swift */,
				B4A45D2528B9B89A00074739 /* Schedule.swift */,
				B4A45D2728B9BEF800074739 /* DaySchedule.swift */,
				B4A45D2928B9BF1600074739 /* Period.swift */,
				B4A45D2B28B9BF5C00074739 /* Class.swift */,
				B4A45D2D28B9E7E100074739 /* SVUser.swift */,
				B4A45D2F28BA525100074739 /* Event.swift */,
				B442139D28BD7105004D3253 /* Food.swift */,
				B442139F28BE690A004D3253 /* Menu.swift */,
				B4EC6D8828D6AB6600DF4A0D /* Task.swift */,
			);
			path = Models;
			sourceTree = "<group>";
		};
		B48EA70828B7C9A300102E3B /* Components */ = {
			isa = PBXGroup;
			children = (
				B4A45D1828B88D6900074739 /* Labels */,
				B48EA70D28B7CA4200102E3B /* TabBar */,
				B48EA70C28B7CA3C00102E3B /* Banner */,
				B4A45CED28B83C3D00074739 /* MoreInfoCardView.swift */,
				B4A45D1928B88FB300074739 /* TextFieldWithTitle.swift */,
				B4A45D3328BA761000074739 /* DayScheduleTile.swift */,
				B4A45D3528BABA7400074739 /* PeriodTileAndHeader.swift */,
				B4EC6D8A28D6B56900DF4A0D /* NavMenuButtonView.swift */,
				B4E386A628DCD2D700E1E4A5 /* TasksTile.swift */,
				B4E386A828DCE0B600E1E4A5 /* CheckBoxView.swift */,
				B4E386B628E0C1D600E1E4A5 /* ColorThemePicker.swift */,
				B4C1810528E698D4007FB059 /* GlassCard.swift */,
				B4BBDCFF28E71855001B0282 /* Glass.swift */,
			);
			path = Components;
			sourceTree = "<group>";
		};
		B48EA70928B7C9B500102E3B /* Pages */ = {
			isa = PBXGroup;
			children = (
				B42B810B28E4B965009EE2E0 /* Onboarding */,
				B48EA70E28B7CA7000102E3B /* Home */,
				B48EA70F28B7CA7900102E3B /* Schedule */,
				B48EA71028B7CA8600102E3B /* Tasks */,
				B407602628D60FB9004ABCCD /* Clubs */,
				B48EA71128B7CA8F00102E3B /* More */,
				B4C1810328E66C70007FB059 /* ColorfulBackgroundView.swift */,
			);
			path = Pages;
			sourceTree = "<group>";
		};
		B48EA70C28B7CA3C00102E3B /* Banner */ = {
			isa = PBXGroup;
			children = (
			);
			path = Banner;
			sourceTree = "<group>";
		};
		B48EA70D28B7CA4200102E3B /* TabBar */ = {
			isa = PBXGroup;
			children = (
				B48EA71828B7DFC000102E3B /* TabBarItem.swift */,
				B4A45CD328B7E17400074739 /* TabBarItemViewModifier.swift */,
				B4A45CD528B7E23300074739 /* TabBarViewBuilder.swift */,
				B4A45CD728B7E27E00074739 /* TabBarView.swift */,
			);
			path = TabBar;
			sourceTree = "<group>";
		};
		B48EA70E28B7CA7000102E3B /* Home */ = {
			isa = PBXGroup;
			children = (
				B4A45CE028B7E39400074739 /* Views */,
				B4A45CDF28B7E38C00074739 /* ViewModels */,
			);
			path = Home;
			sourceTree = "<group>";
		};
		B48EA70F28B7CA7900102E3B /* Schedule */ = {
			isa = PBXGroup;
			children = (
				B4A45CDE28B7E38600074739 /* Views */,
				B4A45CDD28B7E38000074739 /* ViewModels */,
			);
			path = Schedule;
			sourceTree = "<group>";
		};
		B48EA71028B7CA8600102E3B /* Tasks */ = {
			isa = PBXGroup;
			children = (
				B4A45CDB28B7E36700074739 /* Views */,
				B4A45CDC28B7E37700074739 /* ViewModels */,
			);
			path = Tasks;
			sourceTree = "<group>";
		};
		B48EA71128B7CA8F00102E3B /* More */ = {
			isa = PBXGroup;
			children = (
				B4A45CD928B7E34100074739 /* Views */,
				B4A45CDA28B7E34C00074739 /* ViewModels */,
				B4A45CEB28B83AD200074739 /* Account */,
				B48EA71228B7CA9400102E3B /* Menu */,
				B48EA71428B7CAAA00102E3B /* Sports */,
				B48EA71528B7CAB000102E3B /* Events */,
				B4A45CF128B8442700074739 /* About */,
			);
			path = More;
			sourceTree = "<group>";
		};
		B48EA71228B7CA9400102E3B /* Menu */ = {
			isa = PBXGroup;
			children = (
				B4A45CF528B8449200074739 /* Views */,
				B4A45CF428B8448A00074739 /* ViewModels */,
			);
			path = Menu;
			sourceTree = "<group>";
		};
		B48EA71428B7CAAA00102E3B /* Sports */ = {
			isa = PBXGroup;
			children = (
				B4A45CF728B844A100074739 /* Views */,
				B4A45CF628B8449B00074739 /* ViewModels */,
			);
			path = Sports;
			sourceTree = "<group>";
		};
		B48EA71528B7CAB000102E3B /* Events */ = {
			isa = PBXGroup;
			children = (
				B4A45CF928B844AD00074739 /* Views */,
				B4A45CF828B844A500074739 /* ViewModels */,
			);
			path = Events;
			sourceTree = "<group>";
		};
		B4A45CD928B7E34100074739 /* Views */ = {
			isa = PBXGroup;
			children = (
				B4A45CE728B7E41100074739 /* MoreView.swift */,
			);
			path = Views;
			sourceTree = "<group>";
		};
		B4A45CDA28B7E34C00074739 /* ViewModels */ = {
			isa = PBXGroup;
			children = (
			);
			path = ViewModels;
			sourceTree = "<group>";
		};
		B4A45CDB28B7E36700074739 /* Views */ = {
			isa = PBXGroup;
			children = (
				B4A45CE328B7E3EA00074739 /* TasksView.swift */,
				B4EC6D8C28D6D13500DF4A0D /* TasksByClassView.swift */,
				B4EC6D8E28D6D14B00DF4A0D /* TasksByDateView.swift */,
			);
			path = Views;
			sourceTree = "<group>";
		};
		B4A45CDC28B7E37700074739 /* ViewModels */ = {
			isa = PBXGroup;
			children = (
				B4EC6D9028D7866200DF4A0D /* TasksViewModel.swift */,
			);
			path = ViewModels;
			sourceTree = "<group>";
		};
		B4A45CDD28B7E38000074739 /* ViewModels */ = {
			isa = PBXGroup;
			children = (
			);
			path = ViewModels;
			sourceTree = "<group>";
		};
		B4A45CDE28B7E38600074739 /* Views */ = {
			isa = PBXGroup;
			children = (
				B4A45CE528B7E40500074739 /* ScheduleView.swift */,
			);
			path = Views;
			sourceTree = "<group>";
		};
		B4A45CDF28B7E38C00074739 /* ViewModels */ = {
			isa = PBXGroup;
			children = (
			);
			path = ViewModels;
			sourceTree = "<group>";
		};
		B4A45CE028B7E39400074739 /* Views */ = {
			isa = PBXGroup;
			children = (
				B4A45CE128B7E3D200074739 /* HomeView.swift */,
			);
			path = Views;
			sourceTree = "<group>";
		};
		B4A45CEB28B83AD200074739 /* Account */ = {
			isa = PBXGroup;
			children = (
				B4A45CF228B8445800074739 /* Views */,
				B4A45CF328B8446600074739 /* ViewModels */,
			);
			path = Account;
			sourceTree = "<group>";
		};
		B4A45CF128B8442700074739 /* About */ = {
			isa = PBXGroup;
			children = (
				B4A45CFD28B844C600074739 /* Views */,
				B4A45CFC28B844BE00074739 /* ViewModels */,
			);
			path = About;
			sourceTree = "<group>";
		};
		B4A45CF228B8445800074739 /* Views */ = {
			isa = PBXGroup;
			children = (
				B4A45D0028B844F000074739 /* AccountView.swift */,
				B4A45D1D28B8955100074739 /* LinkedAccountsView.swift */,
			);
			path = Views;
			sourceTree = "<group>";
		};
		B4A45CF328B8446600074739 /* ViewModels */ = {
			isa = PBXGroup;
			children = (
				B4A45D2128B936FB00074739 /* AccountsViewModel.swift */,
			);
			path = ViewModels;
			sourceTree = "<group>";
		};
		B4A45CF428B8448A00074739 /* ViewModels */ = {
			isa = PBXGroup;
			children = (
			);
			path = ViewModels;
			sourceTree = "<group>";
		};
		B4A45CF528B8449200074739 /* Views */ = {
			isa = PBXGroup;
			children = (
				B4A45D0228B8450200074739 /* MenuView.swift */,
				B4E386AE28DFB41700E1E4A5 /* BreakfastView.swift */,
				B4E386B028DFB42C00E1E4A5 /* LunchView.swift */,
				B4E386B228DFB44100E1E4A5 /* DinnerView.swift */,
			);
			path = Views;
			sourceTree = "<group>";
		};
		B4A45CF628B8449B00074739 /* ViewModels */ = {
			isa = PBXGroup;
			children = (
			);
			path = ViewModels;
			sourceTree = "<group>";
		};
		B4A45CF728B844A100074739 /* Views */ = {
			isa = PBXGroup;
			children = (
				B4A45D0428B8450D00074739 /* SportsView.swift */,
				B4E386AA28DFAA6A00E1E4A5 /* MySportsView.swift */,
				B4E386AC28DFAA9000E1E4A5 /* AllSportsView.swift */,
			);
			path = Views;
			sourceTree = "<group>";
		};
		B4A45CF828B844A500074739 /* ViewModels */ = {
			isa = PBXGroup;
			children = (
			);
			path = ViewModels;
			sourceTree = "<group>";
		};
		B4A45CF928B844AD00074739 /* Views */ = {
			isa = PBXGroup;
			children = (
				B4A45D0628B8452000074739 /* EventsView.swift */,
			);
			path = Views;
			sourceTree = "<group>";
		};
		B4A45CFC28B844BE00074739 /* ViewModels */ = {
			isa = PBXGroup;
			children = (
			);
			path = ViewModels;
			sourceTree = "<group>";
		};
		B4A45CFD28B844C600074739 /* Views */ = {
			isa = PBXGroup;
			children = (
				B4A45D0A28B8454100074739 /* AboutView.swift */,
			);
			path = Views;
			sourceTree = "<group>";
		};
		B4A45D1828B88D6900074739 /* Labels */ = {
			isa = PBXGroup;
			children = (
				B4A45D1028B8816700074739 /* HeaderLabel.swift */,
				B4A45D1428B8838000074739 /* LinkLabel.swift */,
				B4A45D1628B887D100074739 /* ParagraphLabel.swift */,
				B4A45D1228B8820E00074739 /* SubtitleLabel.swift */,
				B4A45D0E28B8742C00074739 /* TitleLabel.swift */,
				B4A45D1B28B893CD00074739 /* DestructiveButtonLabel.swift */,
				B4A45D1F28B8964900074739 /* NavigationLinkLabel.swift */,
			);
			path = Labels;
			sourceTree = "<group>";
		};
/* End PBXGroup section */

/* Begin PBXNativeTarget section */
		B48EA6F328B7C8E100102E3B /* SchoolVerseRedesignTesting */ = {
			isa = PBXNativeTarget;
			buildConfigurationList = B48EA70228B7C8E700102E3B /* Build configuration list for PBXNativeTarget "SchoolVerseRedesignTesting" */;
			buildPhases = (
				B48EA6F028B7C8E100102E3B /* Sources */,
				B48EA6F128B7C8E100102E3B /* Frameworks */,
				B48EA6F228B7C8E100102E3B /* Resources */,
			);
			buildRules = (
			);
			dependencies = (
			);
			name = SchoolVerseRedesignTesting;
			productName = SchoolVerseRedesignTesting;
			productReference = B48EA6F428B7C8E100102E3B /* SchoolVerseRedesignTesting.app */;
			productType = "com.apple.product-type.application";
		};
/* End PBXNativeTarget section */

/* Begin PBXProject section */
		B48EA6EC28B7C8E100102E3B /* Project object */ = {
			isa = PBXProject;
			attributes = {
				BuildIndependentTargetsInParallel = 1;
				LastSwiftUpdateCheck = 1340;
				LastUpgradeCheck = 1340;
				TargetAttributes = {
					B48EA6F328B7C8E100102E3B = {
						CreatedOnToolsVersion = 13.4;
					};
				};
			};
			buildConfigurationList = B48EA6EF28B7C8E100102E3B /* Build configuration list for PBXProject "SchoolVerseRedesignTesting" */;
			compatibilityVersion = "Xcode 13.0";
			developmentRegion = en;
			hasScannedForEncodings = 0;
			knownRegions = (
				en,
				Base,
			);
			mainGroup = B48EA6EB28B7C8E100102E3B;
			productRefGroup = B48EA6F528B7C8E100102E3B /* Products */;
			projectDirPath = "";
			projectRoot = "";
			targets = (
				B48EA6F328B7C8E100102E3B /* SchoolVerseRedesignTesting */,
			);
		};
/* End PBXProject section */

/* Begin PBXResourcesBuildPhase section */
		B48EA6F228B7C8E100102E3B /* Resources */ = {
			isa = PBXResourcesBuildPhase;
			buildActionMask = 2147483647;
			files = (
				B48EA6FF28B7C8E700102E3B /* Preview Assets.xcassets in Resources */,
				B48EA6FC28B7C8E700102E3B /* Assets.xcassets in Resources */,
			);
			runOnlyForDeploymentPostprocessing = 0;
		};
/* End PBXResourcesBuildPhase section */

/* Begin PBXSourcesBuildPhase section */
		B48EA6F028B7C8E100102E3B /* Sources */ = {
			isa = PBXSourcesBuildPhase;
			buildActionMask = 2147483647;
			files = (
				B4A45D1528B8838000074739 /* LinkLabel.swift in Sources */,
				B407602A28D60FF3004ABCCD /* ClubsView.swift in Sources */,
				B48EA71728B7CB1000102E3B /* RouterView.swift in Sources */,
				B4E386AD28DFAA9000E1E4A5 /* AllSportsView.swift in Sources */,
				B4EC6D8D28D6D13500DF4A0D /* TasksByClassView.swift in Sources */,
				B4A45D3228BA55CB00074739 /* UserRepository.swift in Sources */,
				B4EC6D8928D6AB6600DF4A0D /* Task.swift in Sources */,
				B4E386B128DFB42C00E1E4A5 /* LunchView.swift in Sources */,
				B4A45CE428B7E3EA00074739 /* TasksView.swift in Sources */,
				B48EA6F828B7C8E200102E3B /* SchoolVerseRedesignTestingApp.swift in Sources */,
				B4A45D1C28B893CD00074739 /* DestructiveButtonLabel.swift in Sources */,
				B4A45D0B28B8454100074739 /* AboutView.swift in Sources */,
				B4A45D1328B8820E00074739 /* SubtitleLabel.swift in Sources */,
				B4A45CD828B7E27E00074739 /* TabBarView.swift in Sources */,
				B4A45D1A28B88FB300074739 /* TextFieldWithTitle.swift in Sources */,
				B4A45CD628B7E23300074739 /* TabBarViewBuilder.swift in Sources */,
				B4A45D2A28B9BF1600074739 /* Period.swift in Sources */,
				B4A45D1128B8816800074739 /* HeaderLabel.swift in Sources */,
				B44213A828BFDA81004D3253 /* DinnerData.swift in Sources */,
				B4A45D2C28B9BF5C00074739 /* Class.swift in Sources */,
				B44213A628BFDA66004D3253 /* LunchData.swift in Sources */,
				B4EC6D9128D7866200DF4A0D /* TasksViewModel.swift in Sources */,
				B4A45D1728B887D100074739 /* ParagraphLabel.swift in Sources */,
				B4A45CEA28B7FA2800074739 /* Color.swift in Sources */,
				B4A45D2828B9BEF800074739 /* DaySchedule.swift in Sources */,
				B4A45D3628BABA7500074739 /* PeriodTileAndHeader.swift in Sources */,
				B4EC6D8B28D6B56900DF4A0D /* NavMenuButtonView.swift in Sources */,
				B4A45D2028B8964900074739 /* NavigationLinkLabel.swift in Sources */,
				B4A45CE628B7E40500074739 /* ScheduleView.swift in Sources */,
				B4E386AB28DFAA6A00E1E4A5 /* MySportsView.swift in Sources */,
				B4A45D3428BA761100074739 /* DayScheduleTile.swift in Sources */,
				B4BBDD0028E71856001B0282 /* Glass.swift in Sources */,
				B48EA71928B7DFC000102E3B /* TabBarItem.swift in Sources */,
				B4A45D3028BA525100074739 /* Event.swift in Sources */,
				B4A45CE228B7E3D200074739 /* HomeView.swift in Sources */,
				B4A45D0328B8450200074739 /* MenuView.swift in Sources */,
				B4EC6D8F28D6D14B00DF4A0D /* TasksByDateView.swift in Sources */,
				B4A45D2628B9B89B00074739 /* Schedule.swift in Sources */,
				B4A45D0128B844F000074739 /* AccountView.swift in Sources */,
				B4E386A928DCE0B600E1E4A5 /* CheckBoxView.swift in Sources */,
				B44213A428BFDA03004D3253 /* BreakfastData.swift in Sources */,
				B4A45D2E28B9E7E100074739 /* SVUser.swift in Sources */,
				B4E386B728E0C1D600E1E4A5 /* ColorThemePicker.swift in Sources */,
				B48EA70B28B7CA0E00102E3B /* AppView.swift in Sources */,
				B4A45D2428B93DBB00074739 /* UserColor.swift in Sources */,
				B4A45D0528B8450D00074739 /* SportsView.swift in Sources */,
				B4A45D1E28B8955100074739 /* LinkedAccountsView.swift in Sources */,
				B4A45CEE28B83C3E00074739 /* MoreInfoCardView.swift in Sources */,
				B4A45CE828B7E41100074739 /* MoreView.swift in Sources */,
				B4E386A728DCD2D700E1E4A5 /* TasksTile.swift in Sources */,
				B44213A028BE690A004D3253 /* Menu.swift in Sources */,
				B42B810F28E4B9E1009EE2E0 /* OnBoardingView.swift in Sources */,
				B4A45D0F28B8742D00074739 /* TitleLabel.swift in Sources */,
				B442139E28BD7106004D3253 /* Food.swift in Sources */,
				B4A45CD428B7E17400074739 /* TabBarItemViewModifier.swift in Sources */,
				B4E386AF28DFB41700E1E4A5 /* BreakfastView.swift in Sources */,
				B4A45D2228B936FB00074739 /* AccountsViewModel.swift in Sources */,
				B4E386B328DFB44100E1E4A5 /* DinnerView.swift in Sources */,
				B4A45D0728B8452000074739 /* EventsView.swift in Sources */,
				B4C1810628E698D4007FB059 /* GlassCard.swift in Sources */,
				B4C1810428E66C70007FB059 /* ColorfulBackgroundView.swift in Sources */,
				B44213A228BE6D9B004D3253 /* MenuRepository.swift in Sources */,
			);
			runOnlyForDeploymentPostprocessing = 0;
		};
/* End PBXSourcesBuildPhase section */

/* Begin XCBuildConfiguration section */
		B48EA70028B7C8E700102E3B /* Debug */ = {
			isa = XCBuildConfiguration;
			buildSettings = {
				ALWAYS_SEARCH_USER_PATHS = NO;
				CLANG_ANALYZER_NONNULL = YES;
				CLANG_ANALYZER_NUMBER_OBJECT_CONVERSION = YES_AGGRESSIVE;
				CLANG_CXX_LANGUAGE_STANDARD = "gnu++17";
				CLANG_ENABLE_MODULES = YES;
				CLANG_ENABLE_OBJC_ARC = YES;
				CLANG_ENABLE_OBJC_WEAK = YES;
				CLANG_WARN_BLOCK_CAPTURE_AUTORELEASING = YES;
				CLANG_WARN_BOOL_CONVERSION = YES;
				CLANG_WARN_COMMA = YES;
				CLANG_WARN_CONSTANT_CONVERSION = YES;
				CLANG_WARN_DEPRECATED_OBJC_IMPLEMENTATIONS = YES;
				CLANG_WARN_DIRECT_OBJC_ISA_USAGE = YES_ERROR;
				CLANG_WARN_DOCUMENTATION_COMMENTS = YES;
				CLANG_WARN_EMPTY_BODY = YES;
				CLANG_WARN_ENUM_CONVERSION = YES;
				CLANG_WARN_INFINITE_RECURSION = YES;
				CLANG_WARN_INT_CONVERSION = YES;
				CLANG_WARN_NON_LITERAL_NULL_CONVERSION = YES;
				CLANG_WARN_OBJC_IMPLICIT_RETAIN_SELF = YES;
				CLANG_WARN_OBJC_LITERAL_CONVERSION = YES;
				CLANG_WARN_OBJC_ROOT_CLASS = YES_ERROR;
				CLANG_WARN_QUOTED_INCLUDE_IN_FRAMEWORK_HEADER = YES;
				CLANG_WARN_RANGE_LOOP_ANALYSIS = YES;
				CLANG_WARN_STRICT_PROTOTYPES = YES;
				CLANG_WARN_SUSPICIOUS_MOVE = YES;
				CLANG_WARN_UNGUARDED_AVAILABILITY = YES_AGGRESSIVE;
				CLANG_WARN_UNREACHABLE_CODE = YES;
				CLANG_WARN__DUPLICATE_METHOD_MATCH = YES;
				COPY_PHASE_STRIP = NO;
				DEBUG_INFORMATION_FORMAT = dwarf;
				ENABLE_STRICT_OBJC_MSGSEND = YES;
				ENABLE_TESTABILITY = YES;
				GCC_C_LANGUAGE_STANDARD = gnu11;
				GCC_DYNAMIC_NO_PIC = NO;
				GCC_NO_COMMON_BLOCKS = YES;
				GCC_OPTIMIZATION_LEVEL = 0;
				GCC_PREPROCESSOR_DEFINITIONS = (
					"DEBUG=1",
					"$(inherited)",
				);
				GCC_WARN_64_TO_32_BIT_CONVERSION = YES;
				GCC_WARN_ABOUT_RETURN_TYPE = YES_ERROR;
				GCC_WARN_UNDECLARED_SELECTOR = YES;
				GCC_WARN_UNINITIALIZED_AUTOS = YES_AGGRESSIVE;
				GCC_WARN_UNUSED_FUNCTION = YES;
				GCC_WARN_UNUSED_VARIABLE = YES;
				IPHONEOS_DEPLOYMENT_TARGET = 15.5;
				MTL_ENABLE_DEBUG_INFO = INCLUDE_SOURCE;
				MTL_FAST_MATH = YES;
				ONLY_ACTIVE_ARCH = YES;
				SDKROOT = iphoneos;
				SWIFT_ACTIVE_COMPILATION_CONDITIONS = DEBUG;
				SWIFT_OPTIMIZATION_LEVEL = "-Onone";
			};
			name = Debug;
		};
		B48EA70128B7C8E700102E3B /* Release */ = {
			isa = XCBuildConfiguration;
			buildSettings = {
				ALWAYS_SEARCH_USER_PATHS = NO;
				CLANG_ANALYZER_NONNULL = YES;
				CLANG_ANALYZER_NUMBER_OBJECT_CONVERSION = YES_AGGRESSIVE;
				CLANG_CXX_LANGUAGE_STANDARD = "gnu++17";
				CLANG_ENABLE_MODULES = YES;
				CLANG_ENABLE_OBJC_ARC = YES;
				CLANG_ENABLE_OBJC_WEAK = YES;
				CLANG_WARN_BLOCK_CAPTURE_AUTORELEASING = YES;
				CLANG_WARN_BOOL_CONVERSION = YES;
				CLANG_WARN_COMMA = YES;
				CLANG_WARN_CONSTANT_CONVERSION = YES;
				CLANG_WARN_DEPRECATED_OBJC_IMPLEMENTATIONS = YES;
				CLANG_WARN_DIRECT_OBJC_ISA_USAGE = YES_ERROR;
				CLANG_WARN_DOCUMENTATION_COMMENTS = YES;
				CLANG_WARN_EMPTY_BODY = YES;
				CLANG_WARN_ENUM_CONVERSION = YES;
				CLANG_WARN_INFINITE_RECURSION = YES;
				CLANG_WARN_INT_CONVERSION = YES;
				CLANG_WARN_NON_LITERAL_NULL_CONVERSION = YES;
				CLANG_WARN_OBJC_IMPLICIT_RETAIN_SELF = YES;
				CLANG_WARN_OBJC_LITERAL_CONVERSION = YES;
				CLANG_WARN_OBJC_ROOT_CLASS = YES_ERROR;
				CLANG_WARN_QUOTED_INCLUDE_IN_FRAMEWORK_HEADER = YES;
				CLANG_WARN_RANGE_LOOP_ANALYSIS = YES;
				CLANG_WARN_STRICT_PROTOTYPES = YES;
				CLANG_WARN_SUSPICIOUS_MOVE = YES;
				CLANG_WARN_UNGUARDED_AVAILABILITY = YES_AGGRESSIVE;
				CLANG_WARN_UNREACHABLE_CODE = YES;
				CLANG_WARN__DUPLICATE_METHOD_MATCH = YES;
				COPY_PHASE_STRIP = NO;
				DEBUG_INFORMATION_FORMAT = "dwarf-with-dsym";
				ENABLE_NS_ASSERTIONS = NO;
				ENABLE_STRICT_OBJC_MSGSEND = YES;
				GCC_C_LANGUAGE_STANDARD = gnu11;
				GCC_NO_COMMON_BLOCKS = YES;
				GCC_WARN_64_TO_32_BIT_CONVERSION = YES;
				GCC_WARN_ABOUT_RETURN_TYPE = YES_ERROR;
				GCC_WARN_UNDECLARED_SELECTOR = YES;
				GCC_WARN_UNINITIALIZED_AUTOS = YES_AGGRESSIVE;
				GCC_WARN_UNUSED_FUNCTION = YES;
				GCC_WARN_UNUSED_VARIABLE = YES;
				IPHONEOS_DEPLOYMENT_TARGET = 15.5;
				MTL_ENABLE_DEBUG_INFO = NO;
				MTL_FAST_MATH = YES;
				SDKROOT = iphoneos;
				SWIFT_COMPILATION_MODE = wholemodule;
				SWIFT_OPTIMIZATION_LEVEL = "-O";
				VALIDATE_PRODUCT = YES;
			};
			name = Release;
		};
		B48EA70328B7C8E700102E3B /* Debug */ = {
			isa = XCBuildConfiguration;
			buildSettings = {
				ASSETCATALOG_COMPILER_APPICON_NAME = AppIcon;
				ASSETCATALOG_COMPILER_GLOBAL_ACCENT_COLOR_NAME = AccentColor;
				ASSETCATALOG_COMPILER_INCLUDE_ALL_APPICON_ASSETS = NO;
				CODE_SIGN_STYLE = Automatic;
				CURRENT_PROJECT_VERSION = 1;
				DEVELOPMENT_ASSET_PATHS = "\"SchoolVerseRedesignTesting/Preview Content\"";
				DEVELOPMENT_TEAM = F9RDZ5259N;
				ENABLE_PREVIEWS = YES;
				GENERATE_INFOPLIST_FILE = YES;
				INFOPLIST_KEY_CFBundleDisplayName = "SchoolVerse Redesign";
				INFOPLIST_KEY_LSApplicationCategoryType = "public.app-category.education";
				INFOPLIST_KEY_UIApplicationSceneManifest_Generation = YES;
				INFOPLIST_KEY_UIApplicationSupportsIndirectInputEvents = YES;
				INFOPLIST_KEY_UILaunchScreen_Generation = YES;
				INFOPLIST_KEY_UISupportedInterfaceOrientations = UIInterfaceOrientationPortrait;
				INFOPLIST_KEY_UISupportedInterfaceOrientations_iPad = "UIInterfaceOrientationPortrait UIInterfaceOrientationPortraitUpsideDown UIInterfaceOrientationLandscapeLeft UIInterfaceOrientationLandscapeRight";
				INFOPLIST_KEY_UISupportedInterfaceOrientations_iPhone = UIInterfaceOrientationPortrait;
				IPHONEOS_DEPLOYMENT_TARGET = 16.0;
				LD_RUNPATH_SEARCH_PATHS = (
					"$(inherited)",
					"@executable_path/Frameworks",
				);
				MARKETING_VERSION = 1.0;
				PRODUCT_BUNDLE_IDENTIFIER = "com.Genesis-Tech.SchoolVerseRedesignTesting";
				PRODUCT_NAME = "$(TARGET_NAME)";
				SWIFT_EMIT_LOC_STRINGS = YES;
				SWIFT_VERSION = 5.0;
				TARGETED_DEVICE_FAMILY = 1;
			};
			name = Debug;
		};
		B48EA70428B7C8E700102E3B /* Release */ = {
			isa = XCBuildConfiguration;
			buildSettings = {
				ASSETCATALOG_COMPILER_APPICON_NAME = AppIcon;
				ASSETCATALOG_COMPILER_GLOBAL_ACCENT_COLOR_NAME = AccentColor;
				ASSETCATALOG_COMPILER_INCLUDE_ALL_APPICON_ASSETS = NO;
				CODE_SIGN_STYLE = Automatic;
				CURRENT_PROJECT_VERSION = 1;
				DEVELOPMENT_ASSET_PATHS = "\"SchoolVerseRedesignTesting/Preview Content\"";
				DEVELOPMENT_TEAM = F9RDZ5259N;
				ENABLE_PREVIEWS = YES;
				GENERATE_INFOPLIST_FILE = YES;
				INFOPLIST_KEY_CFBundleDisplayName = "SchoolVerse Redesign";
				INFOPLIST_KEY_LSApplicationCategoryType = "public.app-category.education";
				INFOPLIST_KEY_UIApplicationSceneManifest_Generation = YES;
				INFOPLIST_KEY_UIApplicationSupportsIndirectInputEvents = YES;
				INFOPLIST_KEY_UILaunchScreen_Generation = YES;
				INFOPLIST_KEY_UISupportedInterfaceOrientations = UIInterfaceOrientationPortrait;
				INFOPLIST_KEY_UISupportedInterfaceOrientations_iPad = "UIInterfaceOrientationPortrait UIInterfaceOrientationPortraitUpsideDown UIInterfaceOrientationLandscapeLeft UIInterfaceOrientationLandscapeRight";
				INFOPLIST_KEY_UISupportedInterfaceOrientations_iPhone = UIInterfaceOrientationPortrait;
				IPHONEOS_DEPLOYMENT_TARGET = 16.0;
				LD_RUNPATH_SEARCH_PATHS = (
					"$(inherited)",
					"@executable_path/Frameworks",
				);
				MARKETING_VERSION = 1.0;
				PRODUCT_BUNDLE_IDENTIFIER = "com.Genesis-Tech.SchoolVerseRedesignTesting";
				PRODUCT_NAME = "$(TARGET_NAME)";
				SWIFT_EMIT_LOC_STRINGS = YES;
				SWIFT_VERSION = 5.0;
				TARGETED_DEVICE_FAMILY = 1;
			};
			name = Release;
		};
/* End XCBuildConfiguration section */

/* Begin XCConfigurationList section */
		B48EA6EF28B7C8E100102E3B /* Build configuration list for PBXProject "SchoolVerseRedesignTesting" */ = {
			isa = XCConfigurationList;
			buildConfigurations = (
				B48EA70028B7C8E700102E3B /* Debug */,
				B48EA70128B7C8E700102E3B /* Release */,
			);
			defaultConfigurationIsVisible = 0;
			defaultConfigurationName = Release;
		};
		B48EA70228B7C8E700102E3B /* Build configuration list for PBXNativeTarget "SchoolVerseRedesignTesting" */ = {
			isa = XCConfigurationList;
			buildConfigurations = (
				B48EA70328B7C8E700102E3B /* Debug */,
				B48EA70428B7C8E700102E3B /* Release */,
			);
			defaultConfigurationIsVisible = 0;
			defaultConfigurationName = Release;
		};
/* End XCConfigurationList section */
	};
	rootObject = B48EA6EC28B7C8E100102E3B /* Project object */;
}
